PODS:
  - SQLite.swift (0.13.3):
    - SQLite.swift/standard (= 0.13.3)
  - SQLite.swift/standard (0.13.3)
  - SwiftLint (0.49.1)

DEPENDENCIES:
  - SQLite.swift (~> 0.13.0)
  - SwiftLint (= 0.49.1)

SPEC REPOS:
  trunk:
    - SQLite.swift
    - SwiftLint

SPEC CHECKSUMS:
  SQLite.swift: 903bfa3bc9ab06345fdfbb578e34f47cfcf417da
  SwiftLint: 32ee33ded0636d0905ef6911b2b67bbaeeedafa5

PODFILE CHECKSUM: d87f5bbb14a008c1601befe8f057e86373ef24b8

COCOAPODS: 1.11.3
